// !$*UTF8*$!
{
	archiveVersion = 1;
	classes = {
	};
	objectVersion = 55;
	objects = {

/* Begin PBXBuildFile section */
		D774229D275FE1E3007083E6 /* FetchPokemonListService.swift in Sources */ = {isa = PBXBuildFile; fileRef = D774229C275FE1E3007083E6 /* FetchPokemonListService.swift */; };
		D77422A0275FE22A007083E6 /* PokemonDTO.swift in Sources */ = {isa = PBXBuildFile; fileRef = D774229F275FE22A007083E6 /* PokemonDTO.swift */; };
		D77422A4275FEDA1007083E6 /* PokedexFactory.swift in Sources */ = {isa = PBXBuildFile; fileRef = D77422A3275FEDA1007083E6 /* PokedexFactory.swift */; };
		D77422B5275FEEF8007083E6 /* ListPokemonUseCaseTests.swift in Sources */ = {isa = PBXBuildFile; fileRef = D77422B4275FEEF8007083E6 /* ListPokemonUseCaseTests.swift */; };
		D7B365802756AF3B00741264 /* AppDelegate.swift in Sources */ = {isa = PBXBuildFile; fileRef = D7B3657F2756AF3B00741264 /* AppDelegate.swift */; };
		D7B365822756AF3B00741264 /* SceneDelegate.swift in Sources */ = {isa = PBXBuildFile; fileRef = D7B365812756AF3B00741264 /* SceneDelegate.swift */; };
		D7B365842756AF3B00741264 /* ViewController.swift in Sources */ = {isa = PBXBuildFile; fileRef = D7B365832756AF3B00741264 /* ViewController.swift */; };
		D7B365872756AF3B00741264 /* Main.storyboard in Resources */ = {isa = PBXBuildFile; fileRef = D7B365852756AF3B00741264 /* Main.storyboard */; };
		D7B365892756AF3D00741264 /* Assets.xcassets in Resources */ = {isa = PBXBuildFile; fileRef = D7B365882756AF3D00741264 /* Assets.xcassets */; };
		D7B3658C2756AF3D00741264 /* LaunchScreen.storyboard in Resources */ = {isa = PBXBuildFile; fileRef = D7B3658A2756AF3D00741264 /* LaunchScreen.storyboard */; };
		D7B365C02756B04100741264 /* PokemonListViewModel.swift in Sources */ = {isa = PBXBuildFile; fileRef = D7B365BF2756B04100741264 /* PokemonListViewModel.swift */; };
		D7B365C32756B0A200741264 /* Pokedex.swift in Sources */ = {isa = PBXBuildFile; fileRef = D7B365C22756B0A200741264 /* Pokedex.swift */; };
		D7B365C52756B0E700741264 /* ListPokemonsUseCase.swift in Sources */ = {isa = PBXBuildFile; fileRef = D7B365C42756B0E700741264 /* ListPokemonsUseCase.swift */; };
		D7B365C62756B11400741264 /* Pokemon.swift in Sources */ = {isa = PBXBuildFile; fileRef = D7B365992756AFE700741264 /* Pokemon.swift */; };
		D7B365C92756B19B00741264 /* PokemonListViewController.swift in Sources */ = {isa = PBXBuildFile; fileRef = D7B365C82756B19B00741264 /* PokemonListViewController.swift */; };
		D7B365CB2756B1CB00741264 /* PokemonListView.swift in Sources */ = {isa = PBXBuildFile; fileRef = D7B365CA2756B1CB00741264 /* PokemonListView.swift */; };
		D7B365CE2756B37200741264 /* CodedView.swift in Sources */ = {isa = PBXBuildFile; fileRef = D7B365CD2756B37200741264 /* CodedView.swift */; };
		D7B365D02756B3E400741264 /* PokemonTableViewCell.swift in Sources */ = {isa = PBXBuildFile; fileRef = D7B365CF2756B3E400741264 /* PokemonTableViewCell.swift */; };
		D7B365D22756B56700741264 /* UITableView+Extensions.swift in Sources */ = {isa = PBXBuildFile; fileRef = D7B365D12756B56700741264 /* UITableView+Extensions.swift */; };
		D7B365D52756B65700741264 /* PokemonListAdapter.swift in Sources */ = {isa = PBXBuildFile; fileRef = D7B365D42756B65700741264 /* PokemonListAdapter.swift */; };
/* End PBXBuildFile section */

/* Begin PBXContainerItemProxy section */
		D77422AD275FEEB7007083E6 /* PBXContainerItemProxy */ = {
			isa = PBXContainerItemProxy;
			containerPortal = D7B365742756AF3A00741264 /* Project object */;
			proxyType = 1;
			remoteGlobalIDString = D7B3657B2756AF3A00741264;
			remoteInfo = "road-to-senior";
		};
/* End PBXContainerItemProxy section */

/* Begin PBXCopyFilesBuildPhase section */
		D7B365BA2756B02D00741264 /* Embed Frameworks */ = {
			isa = PBXCopyFilesBuildPhase;
			buildActionMask = 2147483647;
			dstPath = "";
			dstSubfolderSpec = 10;
			files = (
			);
			name = "Embed Frameworks";
			runOnlyForDeploymentPostprocessing = 0;
		};
/* End PBXCopyFilesBuildPhase section */

/* Begin PBXFileReference section */
		D774229C275FE1E3007083E6 /* FetchPokemonListService.swift */ = {isa = PBXFileReference; lastKnownFileType = sourcecode.swift; path = FetchPokemonListService.swift; sourceTree = "<group>"; };
		D774229F275FE22A007083E6 /* PokemonDTO.swift */ = {isa = PBXFileReference; lastKnownFileType = sourcecode.swift; path = PokemonDTO.swift; sourceTree = "<group>"; };
		D77422A3275FEDA1007083E6 /* PokedexFactory.swift */ = {isa = PBXFileReference; lastKnownFileType = sourcecode.swift; path = PokedexFactory.swift; sourceTree = "<group>"; };
		D77422A9275FEEB7007083E6 /* UnitTests.xctest */ = {isa = PBXFileReference; explicitFileType = wrapper.cfbundle; includeInIndex = 0; path = UnitTests.xctest; sourceTree = BUILT_PRODUCTS_DIR; };
		D77422B4275FEEF8007083E6 /* ListPokemonUseCaseTests.swift */ = {isa = PBXFileReference; lastKnownFileType = sourcecode.swift; path = ListPokemonUseCaseTests.swift; sourceTree = "<group>"; };
		D7B3657C2756AF3B00741264 /* road-to-senior.app */ = {isa = PBXFileReference; explicitFileType = wrapper.application; includeInIndex = 0; path = "road-to-senior.app"; sourceTree = BUILT_PRODUCTS_DIR; };
		D7B3657F2756AF3B00741264 /* AppDelegate.swift */ = {isa = PBXFileReference; lastKnownFileType = sourcecode.swift; path = AppDelegate.swift; sourceTree = "<group>"; };
		D7B365812756AF3B00741264 /* SceneDelegate.swift */ = {isa = PBXFileReference; lastKnownFileType = sourcecode.swift; path = SceneDelegate.swift; sourceTree = "<group>"; };
		D7B365832756AF3B00741264 /* ViewController.swift */ = {isa = PBXFileReference; lastKnownFileType = sourcecode.swift; path = ViewController.swift; sourceTree = "<group>"; };
		D7B365862756AF3B00741264 /* Base */ = {isa = PBXFileReference; lastKnownFileType = file.storyboard; name = Base; path = Base.lproj/Main.storyboard; sourceTree = "<group>"; };
		D7B365882756AF3D00741264 /* Assets.xcassets */ = {isa = PBXFileReference; lastKnownFileType = folder.assetcatalog; path = Assets.xcassets; sourceTree = "<group>"; };
		D7B3658B2756AF3D00741264 /* Base */ = {isa = PBXFileReference; lastKnownFileType = file.storyboard; name = Base; path = Base.lproj/LaunchScreen.storyboard; sourceTree = "<group>"; };
		D7B3658D2756AF3D00741264 /* Info.plist */ = {isa = PBXFileReference; lastKnownFileType = text.plist.xml; path = Info.plist; sourceTree = "<group>"; };
		D7B365992756AFE700741264 /* Pokemon.swift */ = {isa = PBXFileReference; lastKnownFileType = sourcecode.swift; path = Pokemon.swift; sourceTree = "<group>"; };
		D7B365BF2756B04100741264 /* PokemonListViewModel.swift */ = {isa = PBXFileReference; lastKnownFileType = sourcecode.swift; path = PokemonListViewModel.swift; sourceTree = "<group>"; };
		D7B365C22756B0A200741264 /* Pokedex.swift */ = {isa = PBXFileReference; lastKnownFileType = sourcecode.swift; path = Pokedex.swift; sourceTree = "<group>"; };
		D7B365C42756B0E700741264 /* ListPokemonsUseCase.swift */ = {isa = PBXFileReference; lastKnownFileType = sourcecode.swift; path = ListPokemonsUseCase.swift; sourceTree = "<group>"; };
		D7B365C82756B19B00741264 /* PokemonListViewController.swift */ = {isa = PBXFileReference; lastKnownFileType = sourcecode.swift; path = PokemonListViewController.swift; sourceTree = "<group>"; };
		D7B365CA2756B1CB00741264 /* PokemonListView.swift */ = {isa = PBXFileReference; lastKnownFileType = sourcecode.swift; path = PokemonListView.swift; sourceTree = "<group>"; };
		D7B365CD2756B37200741264 /* CodedView.swift */ = {isa = PBXFileReference; lastKnownFileType = sourcecode.swift; path = CodedView.swift; sourceTree = "<group>"; };
		D7B365CF2756B3E400741264 /* PokemonTableViewCell.swift */ = {isa = PBXFileReference; lastKnownFileType = sourcecode.swift; path = PokemonTableViewCell.swift; sourceTree = "<group>"; };
		D7B365D12756B56700741264 /* UITableView+Extensions.swift */ = {isa = PBXFileReference; lastKnownFileType = sourcecode.swift; path = "UITableView+Extensions.swift"; sourceTree = "<group>"; };
		D7B365D42756B65700741264 /* PokemonListAdapter.swift */ = {isa = PBXFileReference; lastKnownFileType = sourcecode.swift; path = PokemonListAdapter.swift; sourceTree = "<group>"; };
/* End PBXFileReference section */

/* Begin PBXFrameworksBuildPhase section */
		D77422A6275FEEB7007083E6 /* Frameworks */ = {
			isa = PBXFrameworksBuildPhase;
			buildActionMask = 2147483647;
			files = (
			);
			runOnlyForDeploymentPostprocessing = 0;
		};
		D7B365792756AF3A00741264 /* Frameworks */ = {
			isa = PBXFrameworksBuildPhase;
			buildActionMask = 2147483647;
			files = (
			);
			runOnlyForDeploymentPostprocessing = 0;
		};
/* End PBXFrameworksBuildPhase section */

/* Begin PBXGroup section */
		D774229E275FE21B007083E6 /* DTO */ = {
			isa = PBXGroup;
			children = (
				D774229F275FE22A007083E6 /* PokemonDTO.swift */,
			);
			path = DTO;
			sourceTree = "<group>";
		};
		D77422A2275FED8D007083E6 /* Pokedex */ = {
			isa = PBXGroup;
			children = (
				D7B365962756AF9100741264 /* Service */,
				D7B365C72756B12E00741264 /* Domain */,
				D7B365952756AF8A00741264 /* Scene */,
				D77422A3275FEDA1007083E6 /* PokedexFactory.swift */,
			);
			path = Pokedex;
			sourceTree = "<group>";
		};
		D77422AA275FEEB7007083E6 /* UnitTests */ = {
			isa = PBXGroup;
			children = (
				D77422B2275FEEC6007083E6 /* Pokedex */,
			);
			path = UnitTests;
			sourceTree = "<group>";
		};
		D77422B2275FEEC6007083E6 /* Pokedex */ = {
			isa = PBXGroup;
			children = (
				D77422B3275FEED0007083E6 /* Domain */,
			);
			path = Pokedex;
			sourceTree = "<group>";
		};
		D77422B3275FEED0007083E6 /* Domain */ = {
			isa = PBXGroup;
			children = (
				D77422B4275FEEF8007083E6 /* ListPokemonUseCaseTests.swift */,
			);
			path = Domain;
			sourceTree = "<group>";
		};
		D7B365732756AF3A00741264 = {
			isa = PBXGroup;
			children = (
				D7B3657E2756AF3B00741264 /* road-to-senior */,
				D77422AA275FEEB7007083E6 /* UnitTests */,
				D7B3657D2756AF3B00741264 /* Products */,
			);
			sourceTree = "<group>";
		};
		D7B3657D2756AF3B00741264 /* Products */ = {
			isa = PBXGroup;
			children = (
				D7B3657C2756AF3B00741264 /* road-to-senior.app */,
				D77422A9275FEEB7007083E6 /* UnitTests.xctest */,
			);
			name = Products;
			sourceTree = "<group>";
		};
		D7B3657E2756AF3B00741264 /* road-to-senior */ = {
			isa = PBXGroup;
			children = (
				D77422A2275FED8D007083E6 /* Pokedex */,
				D7B365CC2756B36600741264 /* UI */,
				D7B3657F2756AF3B00741264 /* AppDelegate.swift */,
				D7B365812756AF3B00741264 /* SceneDelegate.swift */,
				D7B365832756AF3B00741264 /* ViewController.swift */,
				D7B365852756AF3B00741264 /* Main.storyboard */,
				D7B365882756AF3D00741264 /* Assets.xcassets */,
				D7B3658A2756AF3D00741264 /* LaunchScreen.storyboard */,
				D7B3658D2756AF3D00741264 /* Info.plist */,
			);
			path = "road-to-senior";
			sourceTree = "<group>";
		};
		D7B365952756AF8A00741264 /* Scene */ = {
			isa = PBXGroup;
			children = (
				D7B365BF2756B04100741264 /* PokemonListViewModel.swift */,
				D7B365982756AFA900741264 /* View */,
			);
			path = Scene;
			sourceTree = "<group>";
		};
		D7B365962756AF9100741264 /* Service */ = {
			isa = PBXGroup;
			children = (
				D774229E275FE21B007083E6 /* DTO */,
				D774229C275FE1E3007083E6 /* FetchPokemonListService.swift */,
			);
			path = Service;
			sourceTree = "<group>";
		};
		D7B365982756AFA900741264 /* View */ = {
			isa = PBXGroup;
			children = (
				D7B365D32756B64900741264 /* Adapters */,
				D7B365C82756B19B00741264 /* PokemonListViewController.swift */,
				D7B365CA2756B1CB00741264 /* PokemonListView.swift */,
				D7B365CF2756B3E400741264 /* PokemonTableViewCell.swift */,
			);
			path = View;
			sourceTree = "<group>";
		};
		D7B365C72756B12E00741264 /* Domain */ = {
			isa = PBXGroup;
			children = (
				D7B365992756AFE700741264 /* Pokemon.swift */,
				D7B365C22756B0A200741264 /* Pokedex.swift */,
				D7B365C42756B0E700741264 /* ListPokemonsUseCase.swift */,
			);
			path = Domain;
			sourceTree = "<group>";
		};
		D7B365CC2756B36600741264 /* UI */ = {
			isa = PBXGroup;
			children = (
				D7B365CD2756B37200741264 /* CodedView.swift */,
				D7B365D12756B56700741264 /* UITableView+Extensions.swift */,
			);
			path = UI;
			sourceTree = "<group>";
		};
		D7B365D32756B64900741264 /* Adapters */ = {
			isa = PBXGroup;
			children = (
				D7B365D42756B65700741264 /* PokemonListAdapter.swift */,
			);
			path = Adapters;
			sourceTree = "<group>";
		};
/* End PBXGroup section */

/* Begin PBXNativeTarget section */
		D77422A8275FEEB7007083E6 /* UnitTests */ = {
			isa = PBXNativeTarget;
			buildConfigurationList = D77422AF275FEEB7007083E6 /* Build configuration list for PBXNativeTarget "UnitTests" */;
			buildPhases = (
				D77422A5275FEEB7007083E6 /* Sources */,
				D77422A6275FEEB7007083E6 /* Frameworks */,
				D77422A7275FEEB7007083E6 /* Resources */,
			);
			buildRules = (
			);
			dependencies = (
				D77422AE275FEEB7007083E6 /* PBXTargetDependency */,
			);
			name = UnitTests;
			productName = UnitTests;
			productReference = D77422A9275FEEB7007083E6 /* UnitTests.xctest */;
			productType = "com.apple.product-type.bundle.unit-test";
		};
		D7B3657B2756AF3A00741264 /* road-to-senior */ = {
			isa = PBXNativeTarget;
			buildConfigurationList = D7B365902756AF3D00741264 /* Build configuration list for PBXNativeTarget "road-to-senior" */;
			buildPhases = (
				D7B365782756AF3A00741264 /* Sources */,
				D7B365792756AF3A00741264 /* Frameworks */,
				D7B3657A2756AF3A00741264 /* Resources */,
				D7B365BA2756B02D00741264 /* Embed Frameworks */,
			);
			buildRules = (
			);
			dependencies = (
			);
			name = "road-to-senior";
			productName = "road-to-senior";
			productReference = D7B3657C2756AF3B00741264 /* road-to-senior.app */;
			productType = "com.apple.product-type.application";
		};
/* End PBXNativeTarget section */

/* Begin PBXProject section */
		D7B365742756AF3A00741264 /* Project object */ = {
			isa = PBXProject;
			attributes = {
				BuildIndependentTargetsInParallel = 1;
				LastSwiftUpdateCheck = 1300;
				LastUpgradeCheck = 1300;
				TargetAttributes = {
					D77422A8275FEEB7007083E6 = {
						CreatedOnToolsVersion = 13.0;
						TestTargetID = D7B3657B2756AF3A00741264;
					};
					D7B3657B2756AF3A00741264 = {
						CreatedOnToolsVersion = 13.0;
					};
				};
			};
			buildConfigurationList = D7B365772756AF3A00741264 /* Build configuration list for PBXProject "road-to-senior" */;
			compatibilityVersion = "Xcode 13.0";
			developmentRegion = en;
			hasScannedForEncodings = 0;
			knownRegions = (
				en,
				Base,
			);
			mainGroup = D7B365732756AF3A00741264;
			productRefGroup = D7B3657D2756AF3B00741264 /* Products */;
			projectDirPath = "";
			projectRoot = "";
			targets = (
				D7B3657B2756AF3A00741264 /* road-to-senior */,
				D77422A8275FEEB7007083E6 /* UnitTests */,
			);
		};
/* End PBXProject section */

/* Begin PBXResourcesBuildPhase section */
		D77422A7275FEEB7007083E6 /* Resources */ = {
			isa = PBXResourcesBuildPhase;
			buildActionMask = 2147483647;
			files = (
			);
			runOnlyForDeploymentPostprocessing = 0;
		};
		D7B3657A2756AF3A00741264 /* Resources */ = {
			isa = PBXResourcesBuildPhase;
			buildActionMask = 2147483647;
			files = (
				D7B3658C2756AF3D00741264 /* LaunchScreen.storyboard in Resources */,
				D7B365892756AF3D00741264 /* Assets.xcassets in Resources */,
				D7B365872756AF3B00741264 /* Main.storyboard in Resources */,
			);
			runOnlyForDeploymentPostprocessing = 0;
		};
/* End PBXResourcesBuildPhase section */

/* Begin PBXSourcesBuildPhase section */
		D77422A5275FEEB7007083E6 /* Sources */ = {
			isa = PBXSourcesBuildPhase;
			buildActionMask = 2147483647;
			files = (
				D77422B5275FEEF8007083E6 /* ListPokemonUseCaseTests.swift in Sources */,
			);
			runOnlyForDeploymentPostprocessing = 0;
		};
		D7B365782756AF3A00741264 /* Sources */ = {
			isa = PBXSourcesBuildPhase;
			buildActionMask = 2147483647;
			files = (
				D7B365C62756B11400741264 /* Pokemon.swift in Sources */,
				D7B365842756AF3B00741264 /* ViewController.swift in Sources */,
				D7B365D52756B65700741264 /* PokemonListAdapter.swift in Sources */,
				D77422A0275FE22A007083E6 /* PokemonDTO.swift in Sources */,
				D7B365802756AF3B00741264 /* AppDelegate.swift in Sources */,
				D7B365D22756B56700741264 /* UITableView+Extensions.swift in Sources */,
				D7B365C32756B0A200741264 /* Pokedex.swift in Sources */,
				D77422A4275FEDA1007083E6 /* PokedexFactory.swift in Sources */,
				D7B365C52756B0E700741264 /* ListPokemonsUseCase.swift in Sources */,
				D7B365C02756B04100741264 /* PokemonListViewModel.swift in Sources */,
				D7B365C92756B19B00741264 /* PokemonListViewController.swift in Sources */,
				D7B365CB2756B1CB00741264 /* PokemonListView.swift in Sources */,
				D774229D275FE1E3007083E6 /* FetchPokemonListService.swift in Sources */,
				D7B365CE2756B37200741264 /* CodedView.swift in Sources */,
				D7B365822756AF3B00741264 /* SceneDelegate.swift in Sources */,
				D7B365D02756B3E400741264 /* PokemonTableViewCell.swift in Sources */,
			);
			runOnlyForDeploymentPostprocessing = 0;
		};
/* End PBXSourcesBuildPhase section */

/* Begin PBXTargetDependency section */
		D77422AE275FEEB7007083E6 /* PBXTargetDependency */ = {
			isa = PBXTargetDependency;
			target = D7B3657B2756AF3A00741264 /* road-to-senior */;
			targetProxy = D77422AD275FEEB7007083E6 /* PBXContainerItemProxy */;
		};
/* End PBXTargetDependency section */

/* Begin PBXVariantGroup section */
		D7B365852756AF3B00741264 /* Main.storyboard */ = {
			isa = PBXVariantGroup;
			children = (
				D7B365862756AF3B00741264 /* Base */,
			);
			name = Main.storyboard;
			sourceTree = "<group>";
		};
		D7B3658A2756AF3D00741264 /* LaunchScreen.storyboard */ = {
			isa = PBXVariantGroup;
			children = (
				D7B3658B2756AF3D00741264 /* Base */,
			);
			name = LaunchScreen.storyboard;
			sourceTree = "<group>";
		};
/* End PBXVariantGroup section */

/* Begin XCBuildConfiguration section */
		D77422B0275FEEB7007083E6 /* Debug */ = {
			isa = XCBuildConfiguration;
			buildSettings = {
				BUNDLE_LOADER = "$(TEST_HOST)";
				CODE_SIGN_STYLE = Automatic;
				CURRENT_PROJECT_VERSION = 1;
				DEVELOPMENT_TEAM = QM43B7QRF9;
				GENERATE_INFOPLIST_FILE = YES;
				LD_RUNPATH_SEARCH_PATHS = (
					"$(inherited)",
					"@executable_path/Frameworks",
					"@loader_path/Frameworks",
				);
				MARKETING_VERSION = 1.0;
				PRODUCT_BUNDLE_IDENTIFIER = dev.pastre.UnitTests;
				PRODUCT_NAME = "$(TARGET_NAME)";
				SWIFT_EMIT_LOC_STRINGS = NO;
				SWIFT_VERSION = 5.0;
				TARGETED_DEVICE_FAMILY = "1,2";
				TEST_HOST = "$(BUILT_PRODUCTS_DIR)/road-to-senior.app/road-to-senior";
			};
			name = Debug;
		};
		D77422B1275FEEB7007083E6 /* Release */ = {
			isa = XCBuildConfiguration;
			buildSettings = {
				BUNDLE_LOADER = "$(TEST_HOST)";
				CODE_SIGN_STYLE = Automatic;
				CURRENT_PROJECT_VERSION = 1;
				DEVELOPMENT_TEAM = QM43B7QRF9;
				GENERATE_INFOPLIST_FILE = YES;
				LD_RUNPATH_SEARCH_PATHS = (
					"$(inherited)",
					"@executable_path/Frameworks",
					"@loader_path/Frameworks",
				);
				MARKETING_VERSION = 1.0;
				PRODUCT_BUNDLE_IDENTIFIER = dev.pastre.UnitTests;
				PRODUCT_NAME = "$(TARGET_NAME)";
				SWIFT_EMIT_LOC_STRINGS = NO;
				SWIFT_VERSION = 5.0;
				TARGETED_DEVICE_FAMILY = "1,2";
				TEST_HOST = "$(BUILT_PRODUCTS_DIR)/road-to-senior.app/road-to-senior";
			};
			name = Release;
		};
		D7B3658E2756AF3D00741264 /* Debug */ = {
			isa = XCBuildConfiguration;
			buildSettings = {
				ALWAYS_SEARCH_USER_PATHS = NO;
				CLANG_ANALYZER_NONNULL = YES;
				CLANG_ANALYZER_NUMBER_OBJECT_CONVERSION = YES_AGGRESSIVE;
				CLANG_CXX_LANGUAGE_STANDARD = "gnu++17";
				CLANG_CXX_LIBRARY = "libc++";
				CLANG_ENABLE_MODULES = YES;
				CLANG_ENABLE_OBJC_ARC = YES;
				CLANG_ENABLE_OBJC_WEAK = YES;
				CLANG_WARN_BLOCK_CAPTURE_AUTORELEASING = YES;
				CLANG_WARN_BOOL_CONVERSION = YES;
				CLANG_WARN_COMMA = YES;
				CLANG_WARN_CONSTANT_CONVERSION = YES;
				CLANG_WARN_DEPRECATED_OBJC_IMPLEMENTATIONS = YES;
				CLANG_WARN_DIRECT_OBJC_ISA_USAGE = YES_ERROR;
				CLANG_WARN_DOCUMENTATION_COMMENTS = YES;
				CLANG_WARN_EMPTY_BODY = YES;
				CLANG_WARN_ENUM_CONVERSION = YES;
				CLANG_WARN_INFINITE_RECURSION = YES;
				CLANG_WARN_INT_CONVERSION = YES;
				CLANG_WARN_NON_LITERAL_NULL_CONVERSION = YES;
				CLANG_WARN_OBJC_IMPLICIT_RETAIN_SELF = YES;
				CLANG_WARN_OBJC_LITERAL_CONVERSION = YES;
				CLANG_WARN_OBJC_ROOT_CLASS = YES_ERROR;
				CLANG_WARN_QUOTED_INCLUDE_IN_FRAMEWORK_HEADER = YES;
				CLANG_WARN_RANGE_LOOP_ANALYSIS = YES;
				CLANG_WARN_STRICT_PROTOTYPES = YES;
				CLANG_WARN_SUSPICIOUS_MOVE = YES;
				CLANG_WARN_UNGUARDED_AVAILABILITY = YES_AGGRESSIVE;
				CLANG_WARN_UNREACHABLE_CODE = YES;
				CLANG_WARN__DUPLICATE_METHOD_MATCH = YES;
				COPY_PHASE_STRIP = NO;
				DEBUG_INFORMATION_FORMAT = dwarf;
				ENABLE_STRICT_OBJC_MSGSEND = YES;
				ENABLE_TESTABILITY = YES;
				GCC_C_LANGUAGE_STANDARD = gnu11;
				GCC_DYNAMIC_NO_PIC = NO;
				GCC_NO_COMMON_BLOCKS = YES;
				GCC_OPTIMIZATION_LEVEL = 0;
				GCC_PREPROCESSOR_DEFINITIONS = (
					"DEBUG=1",
					"$(inherited)",
				);
				GCC_WARN_64_TO_32_BIT_CONVERSION = YES;
				GCC_WARN_ABOUT_RETURN_TYPE = YES_ERROR;
				GCC_WARN_UNDECLARED_SELECTOR = YES;
				GCC_WARN_UNINITIALIZED_AUTOS = YES_AGGRESSIVE;
				GCC_WARN_UNUSED_FUNCTION = YES;
				GCC_WARN_UNUSED_VARIABLE = YES;
				IPHONEOS_DEPLOYMENT_TARGET = 15.0;
				MTL_ENABLE_DEBUG_INFO = INCLUDE_SOURCE;
				MTL_FAST_MATH = YES;
				ONLY_ACTIVE_ARCH = YES;
				SDKROOT = iphoneos;
				SWIFT_ACTIVE_COMPILATION_CONDITIONS = DEBUG;
				SWIFT_OPTIMIZATION_LEVEL = "-Onone";
			};
			name = Debug;
		};
		D7B3658F2756AF3D00741264 /* Release */ = {
			isa = XCBuildConfiguration;
			buildSettings = {
				ALWAYS_SEARCH_USER_PATHS = NO;
				CLANG_ANALYZER_NONNULL = YES;
				CLANG_ANALYZER_NUMBER_OBJECT_CONVERSION = YES_AGGRESSIVE;
				CLANG_CXX_LANGUAGE_STANDARD = "gnu++17";
				CLANG_CXX_LIBRARY = "libc++";
				CLANG_ENABLE_MODULES = YES;
				CLANG_ENABLE_OBJC_ARC = YES;
				CLANG_ENABLE_OBJC_WEAK = YES;
				CLANG_WARN_BLOCK_CAPTURE_AUTORELEASING = YES;
				CLANG_WARN_BOOL_CONVERSION = YES;
				CLANG_WARN_COMMA = YES;
				CLANG_WARN_CONSTANT_CONVERSION = YES;
				CLANG_WARN_DEPRECATED_OBJC_IMPLEMENTATIONS = YES;
				CLANG_WARN_DIRECT_OBJC_ISA_USAGE = YES_ERROR;
				CLANG_WARN_DOCUMENTATION_COMMENTS = YES;
				CLANG_WARN_EMPTY_BODY = YES;
				CLANG_WARN_ENUM_CONVERSION = YES;
				CLANG_WARN_INFINITE_RECURSION = YES;
				CLANG_WARN_INT_CONVERSION = YES;
				CLANG_WARN_NON_LITERAL_NULL_CONVERSION = YES;
				CLANG_WARN_OBJC_IMPLICIT_RETAIN_SELF = YES;
				CLANG_WARN_OBJC_LITERAL_CONVERSION = YES;
				CLANG_WARN_OBJC_ROOT_CLASS = YES_ERROR;
				CLANG_WARN_QUOTED_INCLUDE_IN_FRAMEWORK_HEADER = YES;
				CLANG_WARN_RANGE_LOOP_ANALYSIS = YES;
				CLANG_WARN_STRICT_PROTOTYPES = YES;
				CLANG_WARN_SUSPICIOUS_MOVE = YES;
				CLANG_WARN_UNGUARDED_AVAILABILITY = YES_AGGRESSIVE;
				CLANG_WARN_UNREACHABLE_CODE = YES;
				CLANG_WARN__DUPLICATE_METHOD_MATCH = YES;
				COPY_PHASE_STRIP = NO;
				DEBUG_INFORMATION_FORMAT = "dwarf-with-dsym";
				ENABLE_NS_ASSERTIONS = NO;
				ENABLE_STRICT_OBJC_MSGSEND = YES;
				GCC_C_LANGUAGE_STANDARD = gnu11;
				GCC_NO_COMMON_BLOCKS = YES;
				GCC_WARN_64_TO_32_BIT_CONVERSION = YES;
				GCC_WARN_ABOUT_RETURN_TYPE = YES_ERROR;
				GCC_WARN_UNDECLARED_SELECTOR = YES;
				GCC_WARN_UNINITIALIZED_AUTOS = YES_AGGRESSIVE;
				GCC_WARN_UNUSED_FUNCTION = YES;
				GCC_WARN_UNUSED_VARIABLE = YES;
				IPHONEOS_DEPLOYMENT_TARGET = 15.0;
				MTL_ENABLE_DEBUG_INFO = NO;
				MTL_FAST_MATH = YES;
				SDKROOT = iphoneos;
				SWIFT_COMPILATION_MODE = wholemodule;
				SWIFT_OPTIMIZATION_LEVEL = "-O";
				VALIDATE_PRODUCT = YES;
			};
			name = Release;
		};
		D7B365912756AF3D00741264 /* Debug */ = {
			isa = XCBuildConfiguration;
			buildSettings = {
				ALWAYS_EMBED_SWIFT_STANDARD_LIBRARIES = YES;
				ASSETCATALOG_COMPILER_APPICON_NAME = AppIcon;
				ASSETCATALOG_COMPILER_GLOBAL_ACCENT_COLOR_NAME = AccentColor;
				CODE_SIGN_STYLE = Automatic;
				CURRENT_PROJECT_VERSION = 1;
				DEVELOPMENT_TEAM = QM43B7QRF9;
				GENERATE_INFOPLIST_FILE = YES;
				INFOPLIST_FILE = "road-to-senior/Info.plist";
				INFOPLIST_KEY_UIApplicationSupportsIndirectInputEvents = YES;
				INFOPLIST_KEY_UILaunchStoryboardName = LaunchScreen;
				INFOPLIST_KEY_UIMainStoryboardFile = Main;
				INFOPLIST_KEY_UISupportedInterfaceOrientations_iPad = "UIInterfaceOrientationPortrait UIInterfaceOrientationPortraitUpsideDown UIInterfaceOrientationLandscapeLeft UIInterfaceOrientationLandscapeRight";
				INFOPLIST_KEY_UISupportedInterfaceOrientations_iPhone = "UIInterfaceOrientationPortrait UIInterfaceOrientationLandscapeLeft UIInterfaceOrientationLandscapeRight";
				LD_RUNPATH_SEARCH_PATHS = (
					"$(inherited)",
					"@executable_path/Frameworks",
				);
				MARKETING_VERSION = 1.0;
				PRODUCT_BUNDLE_IDENTIFIER = "dev.pastre.road-to-senior";
				PRODUCT_NAME = "$(TARGET_NAME)";
				SWIFT_EMIT_LOC_STRINGS = YES;
				SWIFT_VERSION = 5.0;
				TARGETED_DEVICE_FAMILY = "1,2";
			};
			name = Debug;
		};
		D7B365922756AF3D00741264 /* Release */ = {
			isa = XCBuildConfiguration;
			buildSettings = {
				ALWAYS_EMBED_SWIFT_STANDARD_LIBRARIES = YES;
				ASSETCATALOG_COMPILER_APPICON_NAME = AppIcon;
				ASSETCATALOG_COMPILER_GLOBAL_ACCENT_COLOR_NAME = AccentColor;
				CODE_SIGN_STYLE = Automatic;
				CURRENT_PROJECT_VERSION = 1;
				DEVELOPMENT_TEAM = QM43B7QRF9;
				GENERATE_INFOPLIST_FILE = YES;
				INFOPLIST_FILE = "road-to-senior/Info.plist";
				INFOPLIST_KEY_UIApplicationSupportsIndirectInputEvents = YES;
				INFOPLIST_KEY_UILaunchStoryboardName = LaunchScreen;
				INFOPLIST_KEY_UIMainStoryboardFile = Main;
				INFOPLIST_KEY_UISupportedInterfaceOrientations_iPad = "UIInterfaceOrientationPortrait UIInterfaceOrientationPortraitUpsideDown UIInterfaceOrientationLandscapeLeft UIInterfaceOrientationLandscapeRight";
				INFOPLIST_KEY_UISupportedInterfaceOrientations_iPhone = "UIInterfaceOrientationPortrait UIInterfaceOrientationLandscapeLeft UIInterfaceOrientationLandscapeRight";
				LD_RUNPATH_SEARCH_PATHS = (
					"$(inherited)",
					"@executable_path/Frameworks",
				);
				MARKETING_VERSION = 1.0;
				PRODUCT_BUNDLE_IDENTIFIER = "dev.pastre.road-to-senior";
				PRODUCT_NAME = "$(TARGET_NAME)";
				SWIFT_EMIT_LOC_STRINGS = YES;
				SWIFT_VERSION = 5.0;
				TARGETED_DEVICE_FAMILY = "1,2";
			};
			name = Release;
		};
/* End XCBuildConfiguration section */

/* Begin XCConfigurationList section */
		D77422AF275FEEB7007083E6 /* Build configuration list for PBXNativeTarget "UnitTests" */ = {
			isa = XCConfigurationList;
			buildConfigurations = (
				D77422B0275FEEB7007083E6 /* Debug */,
				D77422B1275FEEB7007083E6 /* Release */,
			);
			defaultConfigurationIsVisible = 0;
			defaultConfigurationName = Release;
		};
		D7B365772756AF3A00741264 /* Build configuration list for PBXProject "road-to-senior" */ = {
			isa = XCConfigurationList;
			buildConfigurations = (
				D7B3658E2756AF3D00741264 /* Debug */,
				D7B3658F2756AF3D00741264 /* Release */,
			);
			defaultConfigurationIsVisible = 0;
			defaultConfigurationName = Release;
		};
		D7B365902756AF3D00741264 /* Build configuration list for PBXNativeTarget "road-to-senior" */ = {
			isa = XCConfigurationList;
			buildConfigurations = (
				D7B365912756AF3D00741264 /* Debug */,
				D7B365922756AF3D00741264 /* Release */,
			);
			defaultConfigurationIsVisible = 0;
			defaultConfigurationName = Release;
		};
/* End XCConfigurationList section */
	};
	rootObject = D7B365742756AF3A00741264 /* Project object */;
}
